// !$*UTF8*$!
{
	archiveVersion = 1;
	classes = {
	};
	objectVersion = 55;
	objects = {

/* Begin PBXBuildFile section */
		EF1481F32879A84B00A16BB3 /* CustomShape.swift in Sources */ = {isa = PBXBuildFile; fileRef = EF1481F22879A84B00A16BB3 /* CustomShape.swift */; };
		EF1481F52879A9A400A16BB3 /* RaitingsSizesDetailView.swift in Sources */ = {isa = PBXBuildFile; fileRef = EF1481F42879A9A400A16BB3 /* RaitingsSizesDetailView.swift */; };
		EF1481F82879AC8F00A16BB3 /* QuantityFavouriteDetailView.swift in Sources */ = {isa = PBXBuildFile; fileRef = EF1481F72879AC8F00A16BB3 /* QuantityFavouriteDetailView.swift */; };
		EF1481FA2879AE2C00A16BB3 /* AddToCartDetailView.swift in Sources */ = {isa = PBXBuildFile; fileRef = EF1481F92879AE2C00A16BB3 /* AddToCartDetailView.swift */; };
		EF1481FC2879AF8C00A16BB3 /* Shop.swift in Sources */ = {isa = PBXBuildFile; fileRef = EF1481FB2879AF8C00A16BB3 /* Shop.swift */; };
		EF75FE712879650D00378309 /* TouchdownApp.swift in Sources */ = {isa = PBXBuildFile; fileRef = EF75FE702879650D00378309 /* TouchdownApp.swift */; };
		EF75FE732879650D00378309 /* ContentView.swift in Sources */ = {isa = PBXBuildFile; fileRef = EF75FE722879650D00378309 /* ContentView.swift */; };
		EF75FE752879650E00378309 /* Assets.xcassets in Resources */ = {isa = PBXBuildFile; fileRef = EF75FE742879650E00378309 /* Assets.xcassets */; };
		EF75FE782879650E00378309 /* Preview Assets.xcassets in Resources */ = {isa = PBXBuildFile; fileRef = EF75FE772879650E00378309 /* Preview Assets.xcassets */; };
		EF75FE8B28796EAC00378309 /* Constant.swift in Sources */ = {isa = PBXBuildFile; fileRef = EF75FE8A28796EAC00378309 /* Constant.swift */; };
		EF75FE8D28796F8900378309 /* FooterView.swift in Sources */ = {isa = PBXBuildFile; fileRef = EF75FE8C28796F8900378309 /* FooterView.swift */; };
		EF75FE8F2879744500378309 /* NavigationBarView.swift in Sources */ = {isa = PBXBuildFile; fileRef = EF75FE8E2879744500378309 /* NavigationBarView.swift */; };
		EF75FE912879756B00378309 /* LogoView.swift in Sources */ = {isa = PBXBuildFile; fileRef = EF75FE902879756B00378309 /* LogoView.swift */; };
		EF75FE93287978AD00378309 /* PlayerModel.swift in Sources */ = {isa = PBXBuildFile; fileRef = EF75FE92287978AD00378309 /* PlayerModel.swift */; };
		EF75FE95287978E700378309 /* CodableBundleExtension.swift in Sources */ = {isa = PBXBuildFile; fileRef = EF75FE94287978E700378309 /* CodableBundleExtension.swift */; };
		EF75FE9728797A6200378309 /* FeaturedItemView.swift in Sources */ = {isa = PBXBuildFile; fileRef = EF75FE9628797A6200378309 /* FeaturedItemView.swift */; };
		EF75FE9C28797B3700378309 /* brand.json in Resources */ = {isa = PBXBuildFile; fileRef = EF75FE9828797B3700378309 /* brand.json */; };
		EF75FE9D28797B3700378309 /* product.json in Resources */ = {isa = PBXBuildFile; fileRef = EF75FE9928797B3700378309 /* product.json */; };
		EF75FE9E28797B3700378309 /* player.json in Resources */ = {isa = PBXBuildFile; fileRef = EF75FE9A28797B3700378309 /* player.json */; };
		EF75FE9F28797B3700378309 /* category.json in Resources */ = {isa = PBXBuildFile; fileRef = EF75FE9B28797B3700378309 /* category.json */; };
		EF75FEA228797B8300378309 /* FeaturedTabView.swift in Sources */ = {isa = PBXBuildFile; fileRef = EF75FEA128797B8300378309 /* FeaturedTabView.swift */; };
		EF75FEA428797E3500378309 /* CategoryModel.swift in Sources */ = {isa = PBXBuildFile; fileRef = EF75FEA328797E3500378309 /* CategoryModel.swift */; };
		EF75FEA628797F4E00378309 /* CategoryItemView.swift in Sources */ = {isa = PBXBuildFile; fileRef = EF75FEA528797F4E00378309 /* CategoryItemView.swift */; };
		EF75FEA8287980BE00378309 /* CategoryGridView.swift in Sources */ = {isa = PBXBuildFile; fileRef = EF75FEA7287980BE00378309 /* CategoryGridView.swift */; };
		EFF09DE2287987CD00D5F3AC /* SectionView.swift in Sources */ = {isa = PBXBuildFile; fileRef = EFF09DE1287987CD00D5F3AC /* SectionView.swift */; };
		EFF09DE42879977000D5F3AC /* ProductModel.swift in Sources */ = {isa = PBXBuildFile; fileRef = EFF09DE32879977000D5F3AC /* ProductModel.swift */; };
		EFF09DE6287997D800D5F3AC /* TitleView.swift in Sources */ = {isa = PBXBuildFile; fileRef = EFF09DE5287997D800D5F3AC /* TitleView.swift */; };
		EFF09DE82879992C00D5F3AC /* ProductItemView.swift in Sources */ = {isa = PBXBuildFile; fileRef = EFF09DE72879992C00D5F3AC /* ProductItemView.swift */; };
		EFF09DEC28799C0400D5F3AC /* BrandModel.swift in Sources */ = {isa = PBXBuildFile; fileRef = EFF09DEB28799C0400D5F3AC /* BrandModel.swift */; };
		EFF09DEE28799C5500D5F3AC /* BrandItemView.swift in Sources */ = {isa = PBXBuildFile; fileRef = EFF09DED28799C5500D5F3AC /* BrandItemView.swift */; };
		EFF09DF028799D1600D5F3AC /* BrandGridView.swift in Sources */ = {isa = PBXBuildFile; fileRef = EFF09DEF28799D1600D5F3AC /* BrandGridView.swift */; };
		EFF09DF22879A08400D5F3AC /* ProductDetailView.swift in Sources */ = {isa = PBXBuildFile; fileRef = EFF09DF12879A08400D5F3AC /* ProductDetailView.swift */; };
		EFF09DF42879A22300D5F3AC /* NavigationBarDetailView.swift in Sources */ = {isa = PBXBuildFile; fileRef = EFF09DF32879A22300D5F3AC /* NavigationBarDetailView.swift */; };
		EFF09DF62879A2FC00D5F3AC /* HeaderDetailView.swift in Sources */ = {isa = PBXBuildFile; fileRef = EFF09DF52879A2FC00D5F3AC /* HeaderDetailView.swift */; };
		EFF09DF82879A40E00D5F3AC /* TopPartDetailView.swift in Sources */ = {isa = PBXBuildFile; fileRef = EFF09DF72879A40E00D5F3AC /* TopPartDetailView.swift */; };
/* End PBXBuildFile section */

/* Begin PBXFileReference section */
		EF1481F22879A84B00A16BB3 /* CustomShape.swift */ = {isa = PBXFileReference; lastKnownFileType = sourcecode.swift; path = CustomShape.swift; sourceTree = "<group>"; };
		EF1481F42879A9A400A16BB3 /* RaitingsSizesDetailView.swift */ = {isa = PBXFileReference; lastKnownFileType = sourcecode.swift; path = RaitingsSizesDetailView.swift; sourceTree = "<group>"; };
		EF1481F72879AC8F00A16BB3 /* QuantityFavouriteDetailView.swift */ = {isa = PBXFileReference; lastKnownFileType = sourcecode.swift; path = QuantityFavouriteDetailView.swift; sourceTree = "<group>"; };
		EF1481F92879AE2C00A16BB3 /* AddToCartDetailView.swift */ = {isa = PBXFileReference; lastKnownFileType = sourcecode.swift; path = AddToCartDetailView.swift; sourceTree = "<group>"; };
		EF1481FB2879AF8C00A16BB3 /* Shop.swift */ = {isa = PBXFileReference; lastKnownFileType = sourcecode.swift; path = Shop.swift; sourceTree = "<group>"; };
		EF75FE6D2879650D00378309 /* Touchdown.app */ = {isa = PBXFileReference; explicitFileType = wrapper.application; includeInIndex = 0; path = Touchdown.app; sourceTree = BUILT_PRODUCTS_DIR; };
		EF75FE702879650D00378309 /* TouchdownApp.swift */ = {isa = PBXFileReference; lastKnownFileType = sourcecode.swift; path = TouchdownApp.swift; sourceTree = "<group>"; };
		EF75FE722879650D00378309 /* ContentView.swift */ = {isa = PBXFileReference; lastKnownFileType = sourcecode.swift; path = ContentView.swift; sourceTree = "<group>"; };
		EF75FE742879650E00378309 /* Assets.xcassets */ = {isa = PBXFileReference; lastKnownFileType = folder.assetcatalog; path = Assets.xcassets; sourceTree = "<group>"; };
		EF75FE772879650E00378309 /* Preview Assets.xcassets */ = {isa = PBXFileReference; lastKnownFileType = folder.assetcatalog; path = "Preview Assets.xcassets"; sourceTree = "<group>"; };
		EF75FE8228796D7D00378309 /* Info.plist */ = {isa = PBXFileReference; lastKnownFileType = text.plist.xml; path = Info.plist; sourceTree = "<group>"; };
		EF75FE8A28796EAC00378309 /* Constant.swift */ = {isa = PBXFileReference; lastKnownFileType = sourcecode.swift; path = Constant.swift; sourceTree = "<group>"; };
		EF75FE8C28796F8900378309 /* FooterView.swift */ = {isa = PBXFileReference; lastKnownFileType = sourcecode.swift; path = FooterView.swift; sourceTree = "<group>"; };
		EF75FE8E2879744500378309 /* NavigationBarView.swift */ = {isa = PBXFileReference; lastKnownFileType = sourcecode.swift; path = NavigationBarView.swift; sourceTree = "<group>"; };
		EF75FE902879756B00378309 /* LogoView.swift */ = {isa = PBXFileReference; lastKnownFileType = sourcecode.swift; path = LogoView.swift; sourceTree = "<group>"; };
		EF75FE92287978AD00378309 /* PlayerModel.swift */ = {isa = PBXFileReference; lastKnownFileType = sourcecode.swift; path = PlayerModel.swift; sourceTree = "<group>"; };
		EF75FE94287978E700378309 /* CodableBundleExtension.swift */ = {isa = PBXFileReference; lastKnownFileType = sourcecode.swift; path = CodableBundleExtension.swift; sourceTree = "<group>"; };
		EF75FE9628797A6200378309 /* FeaturedItemView.swift */ = {isa = PBXFileReference; lastKnownFileType = sourcecode.swift; path = FeaturedItemView.swift; sourceTree = "<group>"; };
		EF75FE9828797B3700378309 /* brand.json */ = {isa = PBXFileReference; fileEncoding = 4; lastKnownFileType = text.json; path = brand.json; sourceTree = "<group>"; };
		EF75FE9928797B3700378309 /* product.json */ = {isa = PBXFileReference; fileEncoding = 4; lastKnownFileType = text.json; path = product.json; sourceTree = "<group>"; };
		EF75FE9A28797B3700378309 /* player.json */ = {isa = PBXFileReference; fileEncoding = 4; lastKnownFileType = text.json; path = player.json; sourceTree = "<group>"; };
		EF75FE9B28797B3700378309 /* category.json */ = {isa = PBXFileReference; fileEncoding = 4; lastKnownFileType = text.json; path = category.json; sourceTree = "<group>"; };
		EF75FEA128797B8300378309 /* FeaturedTabView.swift */ = {isa = PBXFileReference; lastKnownFileType = sourcecode.swift; path = FeaturedTabView.swift; sourceTree = "<group>"; };
		EF75FEA328797E3500378309 /* CategoryModel.swift */ = {isa = PBXFileReference; lastKnownFileType = sourcecode.swift; path = CategoryModel.swift; sourceTree = "<group>"; };
		EF75FEA528797F4E00378309 /* CategoryItemView.swift */ = {isa = PBXFileReference; lastKnownFileType = sourcecode.swift; path = CategoryItemView.swift; sourceTree = "<group>"; };
		EF75FEA7287980BE00378309 /* CategoryGridView.swift */ = {isa = PBXFileReference; lastKnownFileType = sourcecode.swift; path = CategoryGridView.swift; sourceTree = "<group>"; };
		EFF09DE1287987CD00D5F3AC /* SectionView.swift */ = {isa = PBXFileReference; lastKnownFileType = sourcecode.swift; path = SectionView.swift; sourceTree = "<group>"; };
		EFF09DE32879977000D5F3AC /* ProductModel.swift */ = {isa = PBXFileReference; lastKnownFileType = sourcecode.swift; path = ProductModel.swift; sourceTree = "<group>"; };
		EFF09DE5287997D800D5F3AC /* TitleView.swift */ = {isa = PBXFileReference; lastKnownFileType = sourcecode.swift; path = TitleView.swift; sourceTree = "<group>"; };
		EFF09DE72879992C00D5F3AC /* ProductItemView.swift */ = {isa = PBXFileReference; lastKnownFileType = sourcecode.swift; path = ProductItemView.swift; sourceTree = "<group>"; };
		EFF09DEB28799C0400D5F3AC /* BrandModel.swift */ = {isa = PBXFileReference; lastKnownFileType = sourcecode.swift; path = BrandModel.swift; sourceTree = "<group>"; };
		EFF09DED28799C5500D5F3AC /* BrandItemView.swift */ = {isa = PBXFileReference; lastKnownFileType = sourcecode.swift; path = BrandItemView.swift; sourceTree = "<group>"; };
		EFF09DEF28799D1600D5F3AC /* BrandGridView.swift */ = {isa = PBXFileReference; lastKnownFileType = sourcecode.swift; path = BrandGridView.swift; sourceTree = "<group>"; };
		EFF09DF12879A08400D5F3AC /* ProductDetailView.swift */ = {isa = PBXFileReference; lastKnownFileType = sourcecode.swift; path = ProductDetailView.swift; sourceTree = "<group>"; };
		EFF09DF32879A22300D5F3AC /* NavigationBarDetailView.swift */ = {isa = PBXFileReference; lastKnownFileType = sourcecode.swift; path = NavigationBarDetailView.swift; sourceTree = "<group>"; };
		EFF09DF52879A2FC00D5F3AC /* HeaderDetailView.swift */ = {isa = PBXFileReference; lastKnownFileType = sourcecode.swift; path = HeaderDetailView.swift; sourceTree = "<group>"; };
		EFF09DF72879A40E00D5F3AC /* TopPartDetailView.swift */ = {isa = PBXFileReference; lastKnownFileType = sourcecode.swift; path = TopPartDetailView.swift; sourceTree = "<group>"; };
/* End PBXFileReference section */

/* Begin PBXFrameworksBuildPhase section */
		EF75FE6A2879650D00378309 /* Frameworks */ = {
			isa = PBXFrameworksBuildPhase;
			buildActionMask = 2147483647;
			files = (
			);
			runOnlyForDeploymentPostprocessing = 0;
		};
/* End PBXFrameworksBuildPhase section */

/* Begin PBXGroup section */
		EF75FE642879650D00378309 = {
			isa = PBXGroup;
			children = (
				EF75FE6F2879650D00378309 /* Touchdown */,
				EF75FE6E2879650D00378309 /* Products */,
			);
			sourceTree = "<group>";
		};
		EF75FE6E2879650D00378309 /* Products */ = {
			isa = PBXGroup;
			children = (
				EF75FE6D2879650D00378309 /* Touchdown.app */,
			);
			name = Products;
			sourceTree = "<group>";
		};
		EF75FE6F2879650D00378309 /* Touchdown */ = {
			isa = PBXGroup;
			children = (
				EF75FEA028797B3E00378309 /* Data */,
				EF75FE8028796D3700378309 /* App */,
				EF75FE8128796D4D00378309 /* View */,
				EF75FE8728796E5400378309 /* Utility */,
				EF75FE8528796E4000378309 /* Model */,
				EF75FE8628796E4E00378309 /* Extension */,
				EF75FE8228796D7D00378309 /* Info.plist */,
				EF75FE742879650E00378309 /* Assets.xcassets */,
				EF75FE762879650E00378309 /* Preview Content */,
			);
			path = Touchdown;
			sourceTree = "<group>";
		};
		EF75FE762879650E00378309 /* Preview Content */ = {
			isa = PBXGroup;
			children = (
				EF75FE772879650E00378309 /* Preview Assets.xcassets */,
			);
			path = "Preview Content";
			sourceTree = "<group>";
		};
		EF75FE8028796D3700378309 /* App */ = {
			isa = PBXGroup;
			children = (
				EF75FE702879650D00378309 /* TouchdownApp.swift */,
				EF75FE722879650D00378309 /* ContentView.swift */,
				EFF09DF12879A08400D5F3AC /* ProductDetailView.swift */,
			);
			path = App;
			sourceTree = "<group>";
		};
		EF75FE8128796D4D00378309 /* View */ = {
			isa = PBXGroup;
			children = (
				EF75FE8428796E3600378309 /* Detail */,
				EF75FE8328796E3100378309 /* Home */,
			);
			path = View;
			sourceTree = "<group>";
		};
		EF75FE8328796E3100378309 /* Home */ = {
			isa = PBXGroup;
			children = (
				EF75FE8C28796F8900378309 /* FooterView.swift */,
				EF75FE8E2879744500378309 /* NavigationBarView.swift */,
				EF75FE902879756B00378309 /* LogoView.swift */,
				EF75FE9628797A6200378309 /* FeaturedItemView.swift */,
				EF75FEA128797B8300378309 /* FeaturedTabView.swift */,
				EF75FEA528797F4E00378309 /* CategoryItemView.swift */,
				EF75FEA7287980BE00378309 /* CategoryGridView.swift */,
				EFF09DE1287987CD00D5F3AC /* SectionView.swift */,
				EFF09DE5287997D800D5F3AC /* TitleView.swift */,
				EFF09DE72879992C00D5F3AC /* ProductItemView.swift */,
				EFF09DED28799C5500D5F3AC /* BrandItemView.swift */,
				EFF09DEF28799D1600D5F3AC /* BrandGridView.swift */,
			);
			path = Home;
			sourceTree = "<group>";
		};
		EF75FE8428796E3600378309 /* Detail */ = {
			isa = PBXGroup;
			children = (
				EFF09DF32879A22300D5F3AC /* NavigationBarDetailView.swift */,
				EFF09DF52879A2FC00D5F3AC /* HeaderDetailView.swift */,
				EFF09DF72879A40E00D5F3AC /* TopPartDetailView.swift */,
				EF1481F42879A9A400A16BB3 /* RaitingsSizesDetailView.swift */,
				EF1481F72879AC8F00A16BB3 /* QuantityFavouriteDetailView.swift */,
				EF1481F92879AE2C00A16BB3 /* AddToCartDetailView.swift */,
			);
			path = Detail;
			sourceTree = "<group>";
		};
		EF75FE8528796E4000378309 /* Model */ = {
			isa = PBXGroup;
			children = (
				EF75FE92287978AD00378309 /* PlayerModel.swift */,
				EF75FEA328797E3500378309 /* CategoryModel.swift */,
				EFF09DE32879977000D5F3AC /* ProductModel.swift */,
				EFF09DEB28799C0400D5F3AC /* BrandModel.swift */,
			);
			path = Model;
			sourceTree = "<group>";
		};
		EF75FE8628796E4E00378309 /* Extension */ = {
			isa = PBXGroup;
			children = (
				EF75FE94287978E700378309 /* CodableBundleExtension.swift */,
			);
			path = Extension;
			sourceTree = "<group>";
		};
		EF75FE8728796E5400378309 /* Utility */ = {
			isa = PBXGroup;
			children = (
				EF75FE8A28796EAC00378309 /* Constant.swift */,
				EF1481F22879A84B00A16BB3 /* CustomShape.swift */,
				EF1481FB2879AF8C00A16BB3 /* Shop.swift */,
			);
			path = Utility;
			sourceTree = "<group>";
		};
		EF75FEA028797B3E00378309 /* Data */ = {
			isa = PBXGroup;
			children = (
				EF75FE9828797B3700378309 /* brand.json */,
				EF75FE9B28797B3700378309 /* category.json */,
				EF75FE9A28797B3700378309 /* player.json */,
				EF75FE9928797B3700378309 /* product.json */,
			);
			path = Data;
			sourceTree = "<group>";
		};
/* End PBXGroup section */

/* Begin PBXNativeTarget section */
		EF75FE6C2879650D00378309 /* Touchdown */ = {
			isa = PBXNativeTarget;
			buildConfigurationList = EF75FE7B2879650E00378309 /* Build configuration list for PBXNativeTarget "Touchdown" */;
			buildPhases = (
				EF75FE692879650D00378309 /* Sources */,
				EF75FE6A2879650D00378309 /* Frameworks */,
				EF75FE6B2879650D00378309 /* Resources */,
			);
			buildRules = (
			);
			dependencies = (
			);
			name = Touchdown;
			productName = Touchdown;
			productReference = EF75FE6D2879650D00378309 /* Touchdown.app */;
			productType = "com.apple.product-type.application";
		};
/* End PBXNativeTarget section */

/* Begin PBXProject section */
		EF75FE652879650D00378309 /* Project object */ = {
			isa = PBXProject;
			attributes = {
				BuildIndependentTargetsInParallel = 1;
				LastSwiftUpdateCheck = 1340;
				LastUpgradeCheck = 1340;
				TargetAttributes = {
					EF75FE6C2879650D00378309 = {
						CreatedOnToolsVersion = 13.4.1;
					};
				};
			};
			buildConfigurationList = EF75FE682879650D00378309 /* Build configuration list for PBXProject "Touchdown" */;
			compatibilityVersion = "Xcode 13.0";
			developmentRegion = en;
			hasScannedForEncodings = 0;
			knownRegions = (
				en,
				Base,
			);
			mainGroup = EF75FE642879650D00378309;
			productRefGroup = EF75FE6E2879650D00378309 /* Products */;
			projectDirPath = "";
			projectRoot = "";
			targets = (
				EF75FE6C2879650D00378309 /* Touchdown */,
			);
		};
/* End PBXProject section */

/* Begin PBXResourcesBuildPhase section */
		EF75FE6B2879650D00378309 /* Resources */ = {
			isa = PBXResourcesBuildPhase;
			buildActionMask = 2147483647;
			files = (
				EF75FE9E28797B3700378309 /* player.json in Resources */,
				EF75FE782879650E00378309 /* Preview Assets.xcassets in Resources */,
				EF75FE9D28797B3700378309 /* product.json in Resources */,
				EF75FE9F28797B3700378309 /* category.json in Resources */,
				EF75FE752879650E00378309 /* Assets.xcassets in Resources */,
				EF75FE9C28797B3700378309 /* brand.json in Resources */,
			);
			runOnlyForDeploymentPostprocessing = 0;
		};
/* End PBXResourcesBuildPhase section */

/* Begin PBXSourcesBuildPhase section */
		EF75FE692879650D00378309 /* Sources */ = {
			isa = PBXSourcesBuildPhase;
			buildActionMask = 2147483647;
			files = (
				EF75FE95287978E700378309 /* CodableBundleExtension.swift in Sources */,
				EFF09DF62879A2FC00D5F3AC /* HeaderDetailView.swift in Sources */,
				EFF09DF82879A40E00D5F3AC /* TopPartDetailView.swift in Sources */,
				EF1481F52879A9A400A16BB3 /* RaitingsSizesDetailView.swift in Sources */,
				EF75FE732879650D00378309 /* ContentView.swift in Sources */,
				EF75FE912879756B00378309 /* LogoView.swift in Sources */,
				EF75FE8D28796F8900378309 /* FooterView.swift in Sources */,
				EFF09DE42879977000D5F3AC /* ProductModel.swift in Sources */,
				EF1481FA2879AE2C00A16BB3 /* AddToCartDetailView.swift in Sources */,
				EFF09DE82879992C00D5F3AC /* ProductItemView.swift in Sources */,
				EFF09DF028799D1600D5F3AC /* BrandGridView.swift in Sources */,
				EF75FE9728797A6200378309 /* FeaturedItemView.swift in Sources */,
				EFF09DF22879A08400D5F3AC /* ProductDetailView.swift in Sources */,
				EFF09DF42879A22300D5F3AC /* NavigationBarDetailView.swift in Sources */,
				EF75FE712879650D00378309 /* TouchdownApp.swift in Sources */,
				EFF09DE6287997D800D5F3AC /* TitleView.swift in Sources */,
				EF75FE8B28796EAC00378309 /* Constant.swift in Sources */,
				EF75FEA8287980BE00378309 /* CategoryGridView.swift in Sources */,
				EF75FEA428797E3500378309 /* CategoryModel.swift in Sources */,
				EFF09DEE28799C5500D5F3AC /* BrandItemView.swift in Sources */,
				EF75FE8F2879744500378309 /* NavigationBarView.swift in Sources */,
				EFF09DE2287987CD00D5F3AC /* SectionView.swift in Sources */,
				EF1481F32879A84B00A16BB3 /* CustomShape.swift in Sources */,
				EF75FEA628797F4E00378309 /* CategoryItemView.swift in Sources */,
				EF1481FC2879AF8C00A16BB3 /* Shop.swift in Sources */,
				EFF09DEC28799C0400D5F3AC /* BrandModel.swift in Sources */,
				EF75FEA228797B8300378309 /* FeaturedTabView.swift in Sources */,
				EF1481F82879AC8F00A16BB3 /* QuantityFavouriteDetailView.swift in Sources */,
				EF75FE93287978AD00378309 /* PlayerModel.swift in Sources */,
			);
			runOnlyForDeploymentPostprocessing = 0;
		};
/* End PBXSourcesBuildPhase section */

/* Begin XCBuildConfiguration section */
		EF75FE792879650E00378309 /* Debug */ = {
			isa = XCBuildConfiguration;
			buildSettings = {
				ALWAYS_SEARCH_USER_PATHS = NO;
				CLANG_ANALYZER_NONNULL = YES;
				CLANG_ANALYZER_NUMBER_OBJECT_CONVERSION = YES_AGGRESSIVE;
				CLANG_CXX_LANGUAGE_STANDARD = "gnu++17";
				CLANG_ENABLE_MODULES = YES;
				CLANG_ENABLE_OBJC_ARC = YES;
				CLANG_ENABLE_OBJC_WEAK = YES;
				CLANG_WARN_BLOCK_CAPTURE_AUTORELEASING = YES;
				CLANG_WARN_BOOL_CONVERSION = YES;
				CLANG_WARN_COMMA = YES;
				CLANG_WARN_CONSTANT_CONVERSION = YES;
				CLANG_WARN_DEPRECATED_OBJC_IMPLEMENTATIONS = YES;
				CLANG_WARN_DIRECT_OBJC_ISA_USAGE = YES_ERROR;
				CLANG_WARN_DOCUMENTATION_COMMENTS = YES;
				CLANG_WARN_EMPTY_BODY = YES;
				CLANG_WARN_ENUM_CONVERSION = YES;
				CLANG_WARN_INFINITE_RECURSION = YES;
				CLANG_WARN_INT_CONVERSION = YES;
				CLANG_WARN_NON_LITERAL_NULL_CONVERSION = YES;
				CLANG_WARN_OBJC_IMPLICIT_RETAIN_SELF = YES;
				CLANG_WARN_OBJC_LITERAL_CONVERSION = YES;
				CLANG_WARN_OBJC_ROOT_CLASS = YES_ERROR;
				CLANG_WARN_QUOTED_INCLUDE_IN_FRAMEWORK_HEADER = YES;
				CLANG_WARN_RANGE_LOOP_ANALYSIS = YES;
				CLANG_WARN_STRICT_PROTOTYPES = YES;
				CLANG_WARN_SUSPICIOUS_MOVE = YES;
				CLANG_WARN_UNGUARDED_AVAILABILITY = YES_AGGRESSIVE;
				CLANG_WARN_UNREACHABLE_CODE = YES;
				CLANG_WARN__DUPLICATE_METHOD_MATCH = YES;
				COPY_PHASE_STRIP = NO;
				DEBUG_INFORMATION_FORMAT = dwarf;
				ENABLE_STRICT_OBJC_MSGSEND = YES;
				ENABLE_TESTABILITY = YES;
				GCC_C_LANGUAGE_STANDARD = gnu11;
				GCC_DYNAMIC_NO_PIC = NO;
				GCC_NO_COMMON_BLOCKS = YES;
				GCC_OPTIMIZATION_LEVEL = 0;
				GCC_PREPROCESSOR_DEFINITIONS = (
					"DEBUG=1",
					"$(inherited)",
				);
				GCC_WARN_64_TO_32_BIT_CONVERSION = YES;
				GCC_WARN_ABOUT_RETURN_TYPE = YES_ERROR;
				GCC_WARN_UNDECLARED_SELECTOR = YES;
				GCC_WARN_UNINITIALIZED_AUTOS = YES_AGGRESSIVE;
				GCC_WARN_UNUSED_FUNCTION = YES;
				GCC_WARN_UNUSED_VARIABLE = YES;
				IPHONEOS_DEPLOYMENT_TARGET = 15.5;
				MTL_ENABLE_DEBUG_INFO = INCLUDE_SOURCE;
				MTL_FAST_MATH = YES;
				ONLY_ACTIVE_ARCH = YES;
				SDKROOT = iphoneos;
				SWIFT_ACTIVE_COMPILATION_CONDITIONS = DEBUG;
				SWIFT_OPTIMIZATION_LEVEL = "-Onone";
			};
			name = Debug;
		};
		EF75FE7A2879650E00378309 /* Release */ = {
			isa = XCBuildConfiguration;
			buildSettings = {
				ALWAYS_SEARCH_USER_PATHS = NO;
				CLANG_ANALYZER_NONNULL = YES;
				CLANG_ANALYZER_NUMBER_OBJECT_CONVERSION = YES_AGGRESSIVE;
				CLANG_CXX_LANGUAGE_STANDARD = "gnu++17";
				CLANG_ENABLE_MODULES = YES;
				CLANG_ENABLE_OBJC_ARC = YES;
				CLANG_ENABLE_OBJC_WEAK = YES;
				CLANG_WARN_BLOCK_CAPTURE_AUTORELEASING = YES;
				CLANG_WARN_BOOL_CONVERSION = YES;
				CLANG_WARN_COMMA = YES;
				CLANG_WARN_CONSTANT_CONVERSION = YES;
				CLANG_WARN_DEPRECATED_OBJC_IMPLEMENTATIONS = YES;
				CLANG_WARN_DIRECT_OBJC_ISA_USAGE = YES_ERROR;
				CLANG_WARN_DOCUMENTATION_COMMENTS = YES;
				CLANG_WARN_EMPTY_BODY = YES;
				CLANG_WARN_ENUM_CONVERSION = YES;
				CLANG_WARN_INFINITE_RECURSION = YES;
				CLANG_WARN_INT_CONVERSION = YES;
				CLANG_WARN_NON_LITERAL_NULL_CONVERSION = YES;
				CLANG_WARN_OBJC_IMPLICIT_RETAIN_SELF = YES;
				CLANG_WARN_OBJC_LITERAL_CONVERSION = YES;
				CLANG_WARN_OBJC_ROOT_CLASS = YES_ERROR;
				CLANG_WARN_QUOTED_INCLUDE_IN_FRAMEWORK_HEADER = YES;
				CLANG_WARN_RANGE_LOOP_ANALYSIS = YES;
				CLANG_WARN_STRICT_PROTOTYPES = YES;
				CLANG_WARN_SUSPICIOUS_MOVE = YES;
				CLANG_WARN_UNGUARDED_AVAILABILITY = YES_AGGRESSIVE;
				CLANG_WARN_UNREACHABLE_CODE = YES;
				CLANG_WARN__DUPLICATE_METHOD_MATCH = YES;
				COPY_PHASE_STRIP = NO;
				DEBUG_INFORMATION_FORMAT = "dwarf-with-dsym";
				ENABLE_NS_ASSERTIONS = NO;
				ENABLE_STRICT_OBJC_MSGSEND = YES;
				GCC_C_LANGUAGE_STANDARD = gnu11;
				GCC_NO_COMMON_BLOCKS = YES;
				GCC_WARN_64_TO_32_BIT_CONVERSION = YES;
				GCC_WARN_ABOUT_RETURN_TYPE = YES_ERROR;
				GCC_WARN_UNDECLARED_SELECTOR = YES;
				GCC_WARN_UNINITIALIZED_AUTOS = YES_AGGRESSIVE;
				GCC_WARN_UNUSED_FUNCTION = YES;
				GCC_WARN_UNUSED_VARIABLE = YES;
				IPHONEOS_DEPLOYMENT_TARGET = 15.5;
				MTL_ENABLE_DEBUG_INFO = NO;
				MTL_FAST_MATH = YES;
				SDKROOT = iphoneos;
				SWIFT_COMPILATION_MODE = wholemodule;
				SWIFT_OPTIMIZATION_LEVEL = "-O";
				VALIDATE_PRODUCT = YES;
			};
			name = Release;
		};
		EF75FE7C2879650E00378309 /* Debug */ = {
			isa = XCBuildConfiguration;
			buildSettings = {
				ASSETCATALOG_COMPILER_APPICON_NAME = AppIcon;
				ASSETCATALOG_COMPILER_GLOBAL_ACCENT_COLOR_NAME = AccentColor;
				CODE_SIGN_STYLE = Automatic;
				CURRENT_PROJECT_VERSION = 1;
				DEVELOPMENT_ASSET_PATHS = "\"Touchdown/Preview Content\"";
				DEVELOPMENT_TEAM = A38548G3Y3;
				ENABLE_PREVIEWS = YES;
				GENERATE_INFOPLIST_FILE = YES;
				INFOPLIST_FILE = Touchdown/Info.plist;
				INFOPLIST_KEY_UIApplicationSceneManifest_Generation = YES;
				INFOPLIST_KEY_UIApplicationSupportsIndirectInputEvents = YES;
				INFOPLIST_KEY_UISupportedInterfaceOrientations = UIInterfaceOrientationPortrait;
				INFOPLIST_KEY_UISupportedInterfaceOrientations_iPad = "UIInterfaceOrientationPortrait UIInterfaceOrientationPortraitUpsideDown UIInterfaceOrientationLandscapeLeft UIInterfaceOrientationLandscapeRight";
				INFOPLIST_KEY_UISupportedInterfaceOrientations_iPhone = "UIInterfaceOrientationPortrait UIInterfaceOrientationLandscapeLeft UIInterfaceOrientationLandscapeRight";
				INFOPLIST_KEY_UIUserInterfaceStyle = Light;
				LD_RUNPATH_SEARCH_PATHS = (
					"$(inherited)",
					"@executable_path/Frameworks",
				);
				MARKETING_VERSION = 1.0;
				PRODUCT_BUNDLE_IDENTIFIER = com.idontknowwhatimdoing.Touchdown;
				PRODUCT_NAME = "$(TARGET_NAME)";
				SWIFT_EMIT_LOC_STRINGS = YES;
				SWIFT_VERSION = 5.0;
				TARGETED_DEVICE_FAMILY = "1,2";
			};
			name = Debug;
		};
		EF75FE7D2879650E00378309 /* Release */ = {
			isa = XCBuildConfiguration;
			buildSettings = {
				ASSETCATALOG_COMPILER_APPICON_NAME = AppIcon;
				ASSETCATALOG_COMPILER_GLOBAL_ACCENT_COLOR_NAME = AccentColor;
				CODE_SIGN_STYLE = Automatic;
				CURRENT_PROJECT_VERSION = 1;
				DEVELOPMENT_ASSET_PATHS = "\"Touchdown/Preview Content\"";
				DEVELOPMENT_TEAM = A38548G3Y3;
				ENABLE_PREVIEWS = YES;
				GENERATE_INFOPLIST_FILE = YES;
				INFOPLIST_FILE = Touchdown/Info.plist;
				INFOPLIST_KEY_UIApplicationSceneManifest_Generation = YES;
				INFOPLIST_KEY_UIApplicationSupportsIndirectInputEvents = YES;
				INFOPLIST_KEY_UISupportedInterfaceOrientations = UIInterfaceOrientationPortrait;
				INFOPLIST_KEY_UISupportedInterfaceOrientations_iPad = "UIInterfaceOrientationPortrait UIInterfaceOrientationPortraitUpsideDown UIInterfaceOrientationLandscapeLeft UIInterfaceOrientationLandscapeRight";
				INFOPLIST_KEY_UISupportedInterfaceOrientations_iPhone = "UIInterfaceOrientationPortrait UIInterfaceOrientationLandscapeLeft UIInterfaceOrientationLandscapeRight";
				INFOPLIST_KEY_UIUserInterfaceStyle = Light;
				LD_RUNPATH_SEARCH_PATHS = (
					"$(inherited)",
					"@executable_path/Frameworks",
				);
				MARKETING_VERSION = 1.0;
				PRODUCT_BUNDLE_IDENTIFIER = com.idontknowwhatimdoing.Touchdown;
				PRODUCT_NAME = "$(TARGET_NAME)";
				SWIFT_EMIT_LOC_STRINGS = YES;
				SWIFT_VERSION = 5.0;
				TARGETED_DEVICE_FAMILY = "1,2";
			};
			name = Release;
		};
/* End XCBuildConfiguration section */

/* Begin XCConfigurationList section */
		EF75FE682879650D00378309 /* Build configuration list for PBXProject "Touchdown" */ = {
			isa = XCConfigurationList;
			buildConfigurations = (
				EF75FE792879650E00378309 /* Debug */,
				EF75FE7A2879650E00378309 /* Release */,
			);
			defaultConfigurationIsVisible = 0;
			defaultConfigurationName = Release;
		};
		EF75FE7B2879650E00378309 /* Build configuration list for PBXNativeTarget "Touchdown" */ = {
			isa = XCConfigurationList;
			buildConfigurations = (
				EF75FE7C2879650E00378309 /* Debug */,
				EF75FE7D2879650E00378309 /* Release */,
			);
			defaultConfigurationIsVisible = 0;
			defaultConfigurationName = Release;
		};
/* End XCConfigurationList section */
	};
	rootObject = EF75FE652879650D00378309 /* Project object */;
}
